
Microsoft Visual Studio Solution File, Format Version 12.00
# Visual Studio Version 16
VisualStudioVersion = 16.0.31624.102
MinimumVisualStudioVersion = 10.0.40219.1
Project("{FAE04EC0-301F-11D3-BF4B-00C04F79EFBC}") = "Lab_4_2", "Lab_4_2\Lab_4_2.csproj", "{51E8C52B-A2F5-44F7-8C74-54D5CBCC701B}"
EndProject
Global
	GlobalSection(SolutionConfigurationPlatforms) = preSolution
		Debug|Any CPU = Debug|Any CPU
		Release|Any CPU = Release|Any CPU
	EndGlobalSection
	GlobalSection(ProjectConfigurationPlatforms) = postSolution
		{51E8C52B-A2F5-44F7-8C74-54D5CBCC701B}.Debug|Any CPU.ActiveCfg = Debug|Any CPU
		{51E8C52B-A2F5-44F7-8C74-54D5CBCC701B}.Debug|Any CPU.Build.0 = Debug|Any CPU
		{51E8C52B-A2F5-44F7-8C74-54D5CBCC701B}.Release|Any CPU.ActiveCfg = Release|Any CPU
		{51E8C52B-A2F5-44F7-8C74-54D5CBCC701B}.Release|Any CPU.Build.0 = Release|Any CPU
	EndGlobalSection
	GlobalSection(SolutionProperties) = preSolution
		HideSolutionNode = FALSE
	EndGlobalSection
	GlobalSection(ExtensibilityGlobals) = postSolution
		SolutionGuid = {EB382BD0-7971-4483-9CCF-B65C06EF7801}
	EndGlobalSection
EndGlobal
